
Microsoft Visual Studio Solution File, Format Version 12.00
Project("{FAE04EC0-301F-11D3-BF4B-00C04F79EFBC}") = "KafkaTlsGateway", "KafkaTlsGateway.csproj", "{EB844E98-9FB3-4FDF-8D7E-DCE0A0441D71}"
EndProject
Global
	GlobalSection(SolutionConfigurationPlatforms) = preSolution
		Debug|Any CPU = Debug|Any CPU
		Release|Any CPU = Release|Any CPU
	EndGlobalSection
	GlobalSection(ProjectConfigurationPlatforms) = postSolution
		{EB844E98-9FB3-4FDF-8D7E-DCE0A0441D71}.Debug|Any CPU.ActiveCfg = Debug|Any CPU
		{EB844E98-9FB3-4FDF-8D7E-DCE0A0441D71}.Debug|Any CPU.Build.0 = Debug|Any CPU
		{EB844E98-9FB3-4FDF-8D7E-DCE0A0441D71}.Release|Any CPU.ActiveCfg = Release|Any CPU
		{EB844E98-9FB3-4FDF-8D7E-DCE0A0441D71}.Release|Any CPU.Build.0 = Release|Any CPU
	EndGlobalSection
EndGlobal
